
Microsoft Visual Studio Solution File, Format Version 12.00
# Visual Studio Version 18
VisualStudioVersion = 18.2.11408.102
MinimumVisualStudioVersion = 10.0.40219.1
Project("{FAE04EC0-301F-11D3-BF4B-00C04F79EFBC}") = "LegacyOrderService", "src\LegacyOrderService.csproj", "{2741342F-5B4F-5D0D-05E1-EA690EA69577}"
EndProject
Project("{FAE04EC0-301F-11D3-BF4B-00C04F79EFBC}") = "LegacyOrderServiceUnitTests", "tests\LegacyOrderServiceUnitTests\LegacyOrderServiceUnitTests.csproj", "{22C36C74-1260-4637-974D-6214F0AE0CE8}"
EndProject
Global
	GlobalSection(SolutionConfigurationPlatforms) = preSolution
		Debug|Any CPU = Debug|Any CPU
		Release|Any CPU = Release|Any CPU
	EndGlobalSection
	GlobalSection(ProjectConfigurationPlatforms) = postSolution
		{2741342F-5B4F-5D0D-05E1-EA690EA69577}.Debug|Any CPU.ActiveCfg = Debug|Any CPU
		{2741342F-5B4F-5D0D-05E1-EA690EA69577}.Debug|Any CPU.Build.0 = Debug|Any CPU
		{2741342F-5B4F-5D0D-05E1-EA690EA69577}.Release|Any CPU.ActiveCfg = Release|Any CPU
		{2741342F-5B4F-5D0D-05E1-EA690EA69577}.Release|Any CPU.Build.0 = Release|Any CPU
		{22C36C74-1260-4637-974D-6214F0AE0CE8}.Debug|Any CPU.ActiveCfg = Debug|Any CPU
		{22C36C74-1260-4637-974D-6214F0AE0CE8}.Debug|Any CPU.Build.0 = Debug|Any CPU
		{22C36C74-1260-4637-974D-6214F0AE0CE8}.Release|Any CPU.ActiveCfg = Release|Any CPU
		{22C36C74-1260-4637-974D-6214F0AE0CE8}.Release|Any CPU.Build.0 = Release|Any CPU
	EndGlobalSection
	GlobalSection(SolutionProperties) = preSolution
		HideSolutionNode = FALSE
	EndGlobalSection
	GlobalSection(ExtensibilityGlobals) = postSolution
		SolutionGuid = {A66BD8A3-58C0-4EB4-BEBD-EF9E3EED5C60}
	EndGlobalSection
EndGlobal
